{
  "object": {
    "pins": [
      {
        "package": "BasicMathTools",
        "repositoryURL": "https://github.com/RougeWare/Swift-Basic-Math-Tools.git",
        "state": {
          "branch": null,
          "revision": "d43e243c40c69815e31767d96804b0edeaac7eff",
          "version": "1.0.0"
        }
      },
      {
        "package": "CollectionTools",
        "repositoryURL": "https://github.com/RougeWare/Swift-Collection-Tools.git",
        "state": {
          "branch": null,
          "revision": "9e7a9f2fa00cbc8c9abe6e1af507a9c967936364",
          "version": "3.0.0"
        }
      },
      {
        "package": "Swift Color Swatches",
        "repositoryURL": "https://github.com/RougeWare/Swift-Color-Swatches.git",
        "state": {
          "branch": null,
          "revision": "ad928f9fb08c2e0eb30e2762a1d7ceda38cb6f20",
          "version": "1.0.0"
        }
      },
      {
        "package": "CrossKitTypes",
        "repositoryURL": "https://github.com/RougeWare/Swift-Cross-Kit-Types.git",
        "state": {
          "branch": null,
          "revision": "d64faa8d5e988352dff45e03a13da4f90c3a70e5",
          "version": "1.0.0"
        }
      },
      {
        "package": "Swift Drawing Tools",
        "repositoryURL": "https://github.com/BenLeggiero/Swift-Drawing-Tools.git",
        "state": {
          "branch": null,
          "revision": "a3342704cdd5328784002aa03369fd0601f282d4",
          "version": "1.1.1"
        }
      },
      {
        "package": "FunctionTools",
        "repositoryURL": "https://github.com/RougeWare/Swift-Function-Tools",
        "state": {
          "branch": null,
          "revision": "dbdd1a663de328a6e58871c778903201ec133372",
          "version": "1.2.2"
        }
      },
      {
        "package": "SwiftImage",
        "repositoryURL": "https://github.com/koher/swift-image.git",
        "state": {
          "branch": null,
          "revision": "c61b8cf4613a7fc80d1c2a84231cef2909e837a1",
          "version": "0.7.1"
        }
      },
      {
        "package": "MultiplicativeArithmetic",
        "repositoryURL": "https://github.com/RougeWare/Swift-MultiplicativeArithmetic.git",
        "state": {
          "branch": null,
          "revision": "38eee08151bbbefbbb422d02ff2c8da1a8b8bfe1",
          "version": "1.3.0"
        }
      },
      {
        "package": "NonEmpty",
        "repositoryURL": "https://github.com/pointfreeco/swift-nonempty.git",
        "state": {
          "branch": null,
          "revision": "9ef8c4aea57b8da7fedd5303d29470ea2a00c08d",
          "version": "0.2.2"
        }
      },
      {
        "package": "OptionalTools",
        "repositoryURL": "https://github.com/RougeWare/Swift-Optional-Tools.git",
        "state": {
          "branch": null,
          "revision": "e930eccb0109de044b0c227a62d3df6c5e072f76",
          "version": "1.1.3"
        }
      },
      {
        "package": "RectangleTools",
        "repositoryURL": "https://github.com/RougeWare/Swift-Rectangle-Tools.git",
        "state": {
          "branch": null,
          "revision": "28d5ec88e786f65f3127c56049045c6b17fc3121",
          "version": "2.9.0"
        }
      }
    ]
  },
  "version": 1
}
