{
  "object": {
    "pins": [
      {
        "package": "BasicMathTools",
        "repositoryURL": "https://github.com/RougeWare/Swift-Basic-Math-Tools.git",
        "state": {
          "branch": null,
          "revision": "d43e243c40c69815e31767d96804b0edeaac7eff",
          "version": "1.0.0"
        }
      },
      {
        "package": "CollectionTools",
        "repositoryURL": "https://github.com/RougeWare/Swift-Collection-Tools.git",
        "state": {
          "branch": null,
          "revision": "66cae0a93d4ec4ed7a9643a9bf735d2eef23d275",
          "version": "2.2.0"
        }
      },
      {
        "package": "Swift Color Swatches",
        "repositoryURL": "https://github.com/RougeWare/Swift-Color-Swatches.git",
        "state": {
          "branch": "feature/MVP",
          "revision": "28c5b6d3df5e6ef2bc8873e997ea8f476fa43ecf",
          "version": null
        }
      },
      {
        "package": "CrossKitTypes",
        "repositoryURL": "https://github.com/RougeWare/Swift-Cross-Kit-Types.git",
        "state": {
          "branch": null,
          "revision": "d64faa8d5e988352dff45e03a13da4f90c3a70e5",
          "version": "1.0.0"
        }
      },
      {
        "package": "Swift Drawing Tools",
        "repositoryURL": "https://github.com/BenLeggiero/Swift-Drawing-Tools.git",
        "state": {
          "branch": "feature/MVP",
          "revision": "185225c89b6fd43fcbba8572bed1ccccabab607a",
          "version": null
        }
      },
      {
        "package": "FunctionTools",
        "repositoryURL": "https://github.com/RougeWare/Swift-Function-Tools.git",
        "state": {
          "branch": null,
          "revision": "dbdd1a663de328a6e58871c778903201ec133372",
          "version": "1.2.2"
        }
      },
      {
        "package": "SwiftImage",
        "repositoryURL": "https://github.com/koher/swift-image.git",
        "state": {
          "branch": null,
          "revision": "c61b8cf4613a7fc80d1c2a84231cef2909e837a1",
          "version": "0.7.1"
        }
      },
      {
        "package": "MultiplicativeArithmetic",
        "repositoryURL": "https://github.com/RougeWare/Swift-MultiplicativeArithmetic.git",
        "state": {
          "branch": null,
          "revision": "38eee08151bbbefbbb422d02ff2c8da1a8b8bfe1",
          "version": "1.3.0"
        }
      },
      {
        "package": "NonEmpty",
        "repositoryURL": "https://github.com/pointfreeco/swift-nonempty.git",
        "state": {
          "branch": null,
          "revision": "9ef8c4aea57b8da7fedd5303d29470ea2a00c08d",
          "version": "0.2.2"
        }
      },
      {
        "package": "OptionalTools",
        "repositoryURL": "https://github.com/RougeWare/Swift-Optional-Tools.git",
        "state": {
          "branch": null,
          "revision": "8647336830e25b40e377171fa0f2e3db56d55175",
          "version": "1.1.2"
        }
      },
      {
        "package": "RectangleTools",
        "repositoryURL": "https://github.com/RougeWare/Swift-Rectangle-Tools.git",
        "state": {
          "branch": null,
          "revision": "428ced0b49c64190a9cd1473b21644fb97b887c3",
          "version": "2.8.0"
        }
      }
    ]
  },
  "version": 1
}
